
Microsoft Visual Studio Solution File, Format Version 12.00
# Visual Studio Version 16
VisualStudioVersion = 16.0.30517.126
MinimumVisualStudioVersion = 10.0.40219.1
Project("{9A19103F-16F7-4668-BE54-9A1E7A4F7556}") = "DepotDownloader", "DepotDownloader\DepotDownloader.csproj", "{39159C47-ACD3-449F-96CA-4F30C8ED147A}"
EndProject
Project("{FAE04EC0-301F-11D3-BF4B-00C04F79EFBC}") = "DepotDownloader.Core", "DepotDownloader.Core\DepotDownloader.Core.csproj", "{8303B6A1-CE40-4C26-9376-DB08290645F7}"
EndProject
Global
	GlobalSection(SolutionConfigurationPlatforms) = preSolution
		Debug|Any CPU = Debug|Any CPU
		Release|Any CPU = Release|Any CPU
	EndGlobalSection
	GlobalSection(ProjectConfigurationPlatforms) = postSolution
		{39159C47-ACD3-449F-96CA-4F30C8ED147A}.Debug|Any CPU.ActiveCfg = Debug|Any CPU
		{39159C47-ACD3-449F-96CA-4F30C8ED147A}.Debug|Any CPU.Build.0 = Debug|Any CPU
		{39159C47-ACD3-449F-96CA-4F30C8ED147A}.Release|Any CPU.ActiveCfg = Release|Any CPU
		{39159C47-ACD3-449F-96CA-4F30C8ED147A}.Release|Any CPU.Build.0 = Release|Any CPU
		{8303B6A1-CE40-4C26-9376-DB08290645F7}.Debug|Any CPU.ActiveCfg = Debug|Any CPU
		{8303B6A1-CE40-4C26-9376-DB08290645F7}.Debug|Any CPU.Build.0 = Debug|Any CPU
		{8303B6A1-CE40-4C26-9376-DB08290645F7}.Release|Any CPU.ActiveCfg = Release|Any CPU
		{8303B6A1-CE40-4C26-9376-DB08290645F7}.Release|Any CPU.Build.0 = Release|Any CPU
	EndGlobalSection
	GlobalSection(SolutionProperties) = preSolution
		HideSolutionNode = FALSE
	EndGlobalSection
	GlobalSection(ExtensibilityGlobals) = postSolution
		SolutionGuid = {B9D19618-4471-4B6A-999B-3884575BE066}
	EndGlobalSection
EndGlobal
