
Microsoft Visual Studio Solution File, Format Version 12.00
# Visual Studio Version 17
VisualStudioVersion = 17.9.34607.119
MinimumVisualStudioVersion = 10.0.40219.1
Project("{9A19103F-16F7-4668-BE54-9A1E7A4F7556}") = "SCPSL.DownloadFiles", "SCPSL.DownloadFiles.csproj", "{4BFC0F11-647F-4096-A633-58C0592B81EE}"
EndProject
Global
	GlobalSection(SolutionConfigurationPlatforms) = preSolution
		Debug|Any CPU = Debug|Any CPU
		Release|Any CPU = Release|Any CPU
	EndGlobalSection
	GlobalSection(ProjectConfigurationPlatforms) = postSolution
		{4BFC0F11-647F-4096-A633-58C0592B81EE}.Debug|Any CPU.ActiveCfg = Debug|Any CPU
		{4BFC0F11-647F-4096-A633-58C0592B81EE}.Debug|Any CPU.Build.0 = Debug|Any CPU
		{4BFC0F11-647F-4096-A633-58C0592B81EE}.Release|Any CPU.ActiveCfg = Release|Any CPU
		{4BFC0F11-647F-4096-A633-58C0592B81EE}.Release|Any CPU.Build.0 = Release|Any CPU
	EndGlobalSection
	GlobalSection(SolutionProperties) = preSolution
		HideSolutionNode = FALSE
	EndGlobalSection
	GlobalSection(ExtensibilityGlobals) = postSolution
		SolutionGuid = {0760B22E-EDAA-4317-9EE2-8EC540D8BBF2}
	EndGlobalSection
EndGlobal
